// !$*UTF8*$!
{
	archiveVersion = 1;
	classes = {
	};
	objectVersion = 46;
	objects = {

/* Begin PBXBuildFile section */
		E96CDB6F1D55997A0047DDC2 /* TableViewController.swift in Sources */ = {isa = PBXBuildFile; fileRef = E96CDB6E1D55997A0047DDC2 /* TableViewController.swift */; };
		E96CDB711D55C6760047DDC2 /* Person.swift in Sources */ = {isa = PBXBuildFile; fileRef = E96CDB701D55C6760047DDC2 /* Person.swift */; };
		E96CDB731D55D48D0047DDC2 /* DetailVC.swift in Sources */ = {isa = PBXBuildFile; fileRef = E96CDB721D55D48D0047DDC2 /* DetailVC.swift */; };
		E972BFC11D55960E0086BEC8 /* AppDelegate.swift in Sources */ = {isa = PBXBuildFile; fileRef = E972BFC01D55960E0086BEC8 /* AppDelegate.swift */; };
		E972BFC81D55960E0086BEC8 /* Assets.xcassets in Resources */ = {isa = PBXBuildFile; fileRef = E972BFC71D55960E0086BEC8 /* Assets.xcassets */; };
		E972BFCB1D55960E0086BEC8 /* LaunchScreen.storyboard in Resources */ = {isa = PBXBuildFile; fileRef = E972BFC91D55960E0086BEC8 /* LaunchScreen.storyboard */; };
/* End PBXBuildFile section */

/* Begin PBXFileReference section */
		E96CDB6E1D55997A0047DDC2 /* TableViewController.swift */ = {isa = PBXFileReference; fileEncoding = 4; lastKnownFileType = sourcecode.swift; path = TableViewController.swift; sourceTree = "<group>"; };
		E96CDB701D55C6760047DDC2 /* Person.swift */ = {isa = PBXFileReference; fileEncoding = 4; lastKnownFileType = sourcecode.swift; path = Person.swift; sourceTree = "<group>"; };
		E96CDB721D55D48D0047DDC2 /* DetailVC.swift */ = {isa = PBXFileReference; fileEncoding = 4; lastKnownFileType = sourcecode.swift; path = DetailVC.swift; sourceTree = "<group>"; };
		E972BFBD1D55960E0086BEC8 /* SectionIndex.app */ = {isa = PBXFileReference; explicitFileType = wrapper.application; includeInIndex = 0; path = SectionIndex.app; sourceTree = BUILT_PRODUCTS_DIR; };
		E972BFC01D55960E0086BEC8 /* AppDelegate.swift */ = {isa = PBXFileReference; lastKnownFileType = sourcecode.swift; path = AppDelegate.swift; sourceTree = "<group>"; };
		E972BFC71D55960E0086BEC8 /* Assets.xcassets */ = {isa = PBXFileReference; lastKnownFileType = folder.assetcatalog; path = Assets.xcassets; sourceTree = "<group>"; };
		E972BFCA1D55960E0086BEC8 /* Base */ = {isa = PBXFileReference; lastKnownFileType = file.storyboard; name = Base; path = Base.lproj/LaunchScreen.storyboard; sourceTree = "<group>"; };
		E972BFCC1D55960E0086BEC8 /* Info.plist */ = {isa = PBXFileReference; lastKnownFileType = text.plist.xml; path = Info.plist; sourceTree = "<group>"; };
/* End PBXFileReference section */

/* Begin PBXFrameworksBuildPhase section */
		E972BFBA1D55960E0086BEC8 /* Frameworks */ = {
			isa = PBXFrameworksBuildPhase;
			buildActionMask = 2147483647;
			files = (
			);
			runOnlyForDeploymentPostprocessing = 0;
		};
/* End PBXFrameworksBuildPhase section */

/* Begin PBXGroup section */
		E972BFB41D55960E0086BEC8 = {
			isa = PBXGroup;
			children = (
				E972BFBF1D55960E0086BEC8 /* SectionIndex */,
				E972BFBE1D55960E0086BEC8 /* Products */,
			);
			sourceTree = "<group>";
		};
		E972BFBE1D55960E0086BEC8 /* Products */ = {
			isa = PBXGroup;
			children = (
				E972BFBD1D55960E0086BEC8 /* SectionIndex.app */,
			);
			name = Products;
			sourceTree = "<group>";
		};
		E972BFBF1D55960E0086BEC8 /* SectionIndex */ = {
			isa = PBXGroup;
			children = (
				E972BFC01D55960E0086BEC8 /* AppDelegate.swift */,
				E96CDB6E1D55997A0047DDC2 /* TableViewController.swift */,
				E96CDB721D55D48D0047DDC2 /* DetailVC.swift */,
				E96CDB701D55C6760047DDC2 /* Person.swift */,
				E972BFC71D55960E0086BEC8 /* Assets.xcassets */,
				E972BFC91D55960E0086BEC8 /* LaunchScreen.storyboard */,
				E972BFCC1D55960E0086BEC8 /* Info.plist */,
			);
			path = SectionIndex;
			sourceTree = "<group>";
		};
/* End PBXGroup section */

/* Begin PBXNativeTarget section */
		E972BFBC1D55960E0086BEC8 /* SectionIndex */ = {
			isa = PBXNativeTarget;
			buildConfigurationList = E972BFCF1D55960E0086BEC8 /* Build configuration list for PBXNativeTarget "SectionIndex" */;
			buildPhases = (
				E972BFB91D55960E0086BEC8 /* Sources */,
				E972BFBA1D55960E0086BEC8 /* Frameworks */,
				E972BFBB1D55960E0086BEC8 /* Resources */,
			);
			buildRules = (
			);
			dependencies = (
			);
			name = SectionIndex;
			productName = SectionIndex;
			productReference = E972BFBD1D55960E0086BEC8 /* SectionIndex.app */;
			productType = "com.apple.product-type.application";
		};
/* End PBXNativeTarget section */

/* Begin PBXProject section */
		E972BFB51D55960E0086BEC8 /* Project object */ = {
			isa = PBXProject;
			attributes = {
				LastSwiftUpdateCheck = 0730;
				LastUpgradeCheck = 0730;
				ORGANIZATIONNAME = anhnguyenviet;
				TargetAttributes = {
					E972BFBC1D55960E0086BEC8 = {
						CreatedOnToolsVersion = 7.3.1;
					};
				};
			};
			buildConfigurationList = E972BFB81D55960E0086BEC8 /* Build configuration list for PBXProject "SectionIndex" */;
			compatibilityVersion = "Xcode 3.2";
			developmentRegion = English;
			hasScannedForEncodings = 0;
			knownRegions = (
				en,
				Base,
			);
			mainGroup = E972BFB41D55960E0086BEC8;
			productRefGroup = E972BFBE1D55960E0086BEC8 /* Products */;
			projectDirPath = "";
			projectRoot = "";
			targets = (
				E972BFBC1D55960E0086BEC8 /* SectionIndex */,
			);
		};
/* End PBXProject section */

/* Begin PBXResourcesBuildPhase section */
		E972BFBB1D55960E0086BEC8 /* Resources */ = {
			isa = PBXResourcesBuildPhase;
			buildActionMask = 2147483647;
			files = (
				E972BFCB1D55960E0086BEC8 /* LaunchScreen.storyboard in Resources */,
				E972BFC81D55960E0086BEC8 /* Assets.xcassets in Resources */,
			);
			runOnlyForDeploymentPostprocessing = 0;
		};
/* End PBXResourcesBuildPhase section */

/* Begin PBXSourcesBuildPhase section */
		E972BFB91D55960E0086BEC8 /* Sources */ = {
			isa = PBXSourcesBuildPhase;
			buildActionMask = 2147483647;
			files = (
				E96CDB711D55C6760047DDC2 /* Person.swift in Sources */,
				E96CDB731D55D48D0047DDC2 /* DetailVC.swift in Sources */,
				E972BFC11D55960E0086BEC8 /* AppDelegate.swift in Sources */,
				E96CDB6F1D55997A0047DDC2 /* TableViewController.swift in Sources */,
			);
			runOnlyForDeploymentPostprocessing = 0;
		};
/* End PBXSourcesBuildPhase section */

/* Begin PBXVariantGroup section */
		E972BFC91D55960E0086BEC8 /* LaunchScreen.storyboard */ = {
			isa = PBXVariantGroup;
			children = (
				E972BFCA1D55960E0086BEC8 /* Base */,
			);
			name = LaunchScreen.storyboard;
			sourceTree = "<group>";
		};
/* End PBXVariantGroup section */

/* Begin XCBuildConfiguration section */
		E972BFCD1D55960E0086BEC8 /* Debug */ = {
			isa = XCBuildConfiguration;
			buildSettings = {
				ALWAYS_SEARCH_USER_PATHS = NO;
				CLANG_ANALYZER_NONNULL = YES;
				CLANG_CXX_LANGUAGE_STANDARD = "gnu++0x";
				CLANG_CXX_LIBRARY = "libc++";
				CLANG_ENABLE_MODULES = YES;
				CLANG_ENABLE_OBJC_ARC = YES;
				CLANG_WARN_BOOL_CONVERSION = YES;
				CLANG_WARN_CONSTANT_CONVERSION = YES;
				CLANG_WARN_DIRECT_OBJC_ISA_USAGE = YES_ERROR;
				CLANG_WARN_EMPTY_BODY = YES;
				CLANG_WARN_ENUM_CONVERSION = YES;
				CLANG_WARN_INT_CONVERSION = YES;
				CLANG_WARN_OBJC_ROOT_CLASS = YES_ERROR;
				CLANG_WARN_UNREACHABLE_CODE = YES;
				CLANG_WARN__DUPLICATE_METHOD_MATCH = YES;
				"CODE_SIGN_IDENTITY[sdk=iphoneos*]" = "iPhone Developer";
				COPY_PHASE_STRIP = NO;
				DEBUG_INFORMATION_FORMAT = dwarf;
				ENABLE_STRICT_OBJC_MSGSEND = YES;
				ENABLE_TESTABILITY = YES;
				GCC_C_LANGUAGE_STANDARD = gnu99;
				GCC_DYNAMIC_NO_PIC = NO;
				GCC_NO_COMMON_BLOCKS = YES;
				GCC_OPTIMIZATION_LEVEL = 0;
				GCC_PREPROCESSOR_DEFINITIONS = (
					"DEBUG=1",
					"$(inherited)",
				);
				GCC_WARN_64_TO_32_BIT_CONVERSION = YES;
				GCC_WARN_ABOUT_RETURN_TYPE = YES_ERROR;
				GCC_WARN_UNDECLARED_SELECTOR = YES;
				GCC_WARN_UNINITIALIZED_AUTOS = YES_AGGRESSIVE;
				GCC_WARN_UNUSED_FUNCTION = YES;
				GCC_WARN_UNUSED_VARIABLE = YES;
				IPHONEOS_DEPLOYMENT_TARGET = 9.3;
				MTL_ENABLE_DEBUG_INFO = YES;
				ONLY_ACTIVE_ARCH = YES;
				SDKROOT = iphoneos;
				SWIFT_OPTIMIZATION_LEVEL = "-Onone";
			};
			name = Debug;
		};
		E972BFCE1D55960E0086BEC8 /* Release */ = {
			isa = XCBuildConfiguration;
			buildSettings = {
				ALWAYS_SEARCH_USER_PATHS = NO;
				CLANG_ANALYZER_NONNULL = YES;
				CLANG_CXX_LANGUAGE_STANDARD = "gnu++0x";
				CLANG_CXX_LIBRARY = "libc++";
				CLANG_ENABLE_MODULES = YES;
				CLANG_ENABLE_OBJC_ARC = YES;
				CLANG_WARN_BOOL_CONVERSION = YES;
				CLANG_WARN_CONSTANT_CONVERSION = YES;
				CLANG_WARN_DIRECT_OBJC_ISA_USAGE = YES_ERROR;
				CLANG_WARN_EMPTY_BODY = YES;
				CLANG_WARN_ENUM_CONVERSION = YES;
				CLANG_WARN_INT_CONVERSION = YES;
				CLANG_WARN_OBJC_ROOT_CLASS = YES_ERROR;
				CLANG_WARN_UNREACHABLE_CODE = YES;
				CLANG_WARN__DUPLICATE_METHOD_MATCH = YES;
				"CODE_SIGN_IDENTITY[sdk=iphoneos*]" = "iPhone Developer";
				COPY_PHASE_STRIP = NO;
				DEBUG_INFORMATION_FORMAT = "dwarf-with-dsym";
				ENABLE_NS_ASSERTIONS = NO;
				ENABLE_STRICT_OBJC_MSGSEND = YES;
				GCC_C_LANGUAGE_STANDARD = gnu99;
				GCC_NO_COMMON_BLOCKS = YES;
				GCC_WARN_64_TO_32_BIT_CONVERSION = YES;
				GCC_WARN_ABOUT_RETURN_TYPE = YES_ERROR;
				GCC_WARN_UNDECLARED_SELECTOR = YES;
				GCC_WARN_UNINITIALIZED_AUTOS = YES_AGGRESSIVE;
				GCC_WARN_UNUSED_FUNCTION = YES;
				GCC_WARN_UNUSED_VARIABLE = YES;
				IPHONEOS_DEPLOYMENT_TARGET = 9.3;
				MTL_ENABLE_DEBUG_INFO = NO;
				SDKROOT = iphoneos;
				VALIDATE_PRODUCT = YES;
			};
			name = Release;
		};
		E972BFD01D55960E0086BEC8 /* Debug */ = {
			isa = XCBuildConfiguration;
			buildSettings = {
				ASSETCATALOG_COMPILER_APPICON_NAME = AppIcon;
				INFOPLIST_FILE = SectionIndex/Info.plist;
				LD_RUNPATH_SEARCH_PATHS = "$(inherited) @executable_path/Frameworks";
				PRODUCT_BUNDLE_IDENTIFIER = com.nvt.SectionIndex;
				PRODUCT_NAME = "$(TARGET_NAME)";
			};
			name = Debug;
		};
		E972BFD11D55960E0086BEC8 /* Release */ = {
			isa = XCBuildConfiguration;
			buildSettings = {
				ASSETCATALOG_COMPILER_APPICON_NAME = AppIcon;
				INFOPLIST_FILE = SectionIndex/Info.plist;
				LD_RUNPATH_SEARCH_PATHS = "$(inherited) @executable_path/Frameworks";
				PRODUCT_BUNDLE_IDENTIFIER = com.nvt.SectionIndex;
				PRODUCT_NAME = "$(TARGET_NAME)";
			};
			name = Release;
		};
/* End XCBuildConfiguration section */

/* Begin XCConfigurationList section */
		E972BFB81D55960E0086BEC8 /* Build configuration list for PBXProject "SectionIndex" */ = {
			isa = XCConfigurationList;
			buildConfigurations = (
				E972BFCD1D55960E0086BEC8 /* Debug */,
				E972BFCE1D55960E0086BEC8 /* Release */,
			);
			defaultConfigurationIsVisible = 0;
			defaultConfigurationName = Release;
		};
		E972BFCF1D55960E0086BEC8 /* Build configuration list for PBXNativeTarget "SectionIndex" */ = {
			isa = XCConfigurationList;
			buildConfigurations = (
				E972BFD01D55960E0086BEC8 /* Debug */,
				E972BFD11D55960E0086BEC8 /* Release */,
			);
			defaultConfigurationIsVisible = 0;
			defaultConfigurationName = Release;
		};
/* End XCConfigurationList section */
	};
	rootObject = E972BFB51D55960E0086BEC8 /* Project object */;
}
