// !$*UTF8*$!
{
	archiveVersion = 1;
	classes = {
	};
	objectVersion = 46;
	objects = {

/* Begin PBXBuildFile section */
		E97E782B1D51D0A200BB83A0 /* AppDelegate.swift in Sources */ = {isa = PBXBuildFile; fileRef = E97E782A1D51D0A200BB83A0 /* AppDelegate.swift */; };
		E97E782D1D51D0A200BB83A0 /* MasterViewController.swift in Sources */ = {isa = PBXBuildFile; fileRef = E97E782C1D51D0A200BB83A0 /* MasterViewController.swift */; };
		E97E782F1D51D0A200BB83A0 /* DetailViewController.swift in Sources */ = {isa = PBXBuildFile; fileRef = E97E782E1D51D0A200BB83A0 /* DetailViewController.swift */; };
		E97E78321D51D0A200BB83A0 /* Main.storyboard in Resources */ = {isa = PBXBuildFile; fileRef = E97E78301D51D0A200BB83A0 /* Main.storyboard */; };
		E97E78341D51D0A300BB83A0 /* Assets.xcassets in Resources */ = {isa = PBXBuildFile; fileRef = E97E78331D51D0A300BB83A0 /* Assets.xcassets */; };
		E97E78371D51D0A300BB83A0 /* LaunchScreen.storyboard in Resources */ = {isa = PBXBuildFile; fileRef = E97E78351D51D0A300BB83A0 /* LaunchScreen.storyboard */; };
/* End PBXBuildFile section */

/* Begin PBXFileReference section */
		E97E78271D51D0A200BB83A0 /* MasterDetail.app */ = {isa = PBXFileReference; explicitFileType = wrapper.application; includeInIndex = 0; path = MasterDetail.app; sourceTree = BUILT_PRODUCTS_DIR; };
		E97E782A1D51D0A200BB83A0 /* AppDelegate.swift */ = {isa = PBXFileReference; lastKnownFileType = sourcecode.swift; path = AppDelegate.swift; sourceTree = "<group>"; };
		E97E782C1D51D0A200BB83A0 /* MasterViewController.swift */ = {isa = PBXFileReference; lastKnownFileType = sourcecode.swift; path = MasterViewController.swift; sourceTree = "<group>"; };
		E97E782E1D51D0A200BB83A0 /* DetailViewController.swift */ = {isa = PBXFileReference; lastKnownFileType = sourcecode.swift; path = DetailViewController.swift; sourceTree = "<group>"; };
		E97E78311D51D0A200BB83A0 /* Base */ = {isa = PBXFileReference; lastKnownFileType = file.storyboard; name = Base; path = Base.lproj/Main.storyboard; sourceTree = "<group>"; };
		E97E78331D51D0A300BB83A0 /* Assets.xcassets */ = {isa = PBXFileReference; lastKnownFileType = folder.assetcatalog; path = Assets.xcassets; sourceTree = "<group>"; };
		E97E78361D51D0A300BB83A0 /* Base */ = {isa = PBXFileReference; lastKnownFileType = file.storyboard; name = Base; path = Base.lproj/LaunchScreen.storyboard; sourceTree = "<group>"; };
		E97E78381D51D0A300BB83A0 /* Info.plist */ = {isa = PBXFileReference; lastKnownFileType = text.plist.xml; path = Info.plist; sourceTree = "<group>"; };
/* End PBXFileReference section */

/* Begin PBXFrameworksBuildPhase section */
		E97E78241D51D0A200BB83A0 /* Frameworks */ = {
			isa = PBXFrameworksBuildPhase;
			buildActionMask = 2147483647;
			files = (
			);
			runOnlyForDeploymentPostprocessing = 0;
		};
/* End PBXFrameworksBuildPhase section */

/* Begin PBXGroup section */
		E97E781E1D51D0A200BB83A0 = {
			isa = PBXGroup;
			children = (
				E97E78291D51D0A200BB83A0 /* MasterDetail */,
				E97E78281D51D0A200BB83A0 /* Products */,
			);
			sourceTree = "<group>";
		};
		E97E78281D51D0A200BB83A0 /* Products */ = {
			isa = PBXGroup;
			children = (
				E97E78271D51D0A200BB83A0 /* MasterDetail.app */,
			);
			name = Products;
			sourceTree = "<group>";
		};
		E97E78291D51D0A200BB83A0 /* MasterDetail */ = {
			isa = PBXGroup;
			children = (
				E97E782A1D51D0A200BB83A0 /* AppDelegate.swift */,
				E97E782C1D51D0A200BB83A0 /* MasterViewController.swift */,
				E97E782E1D51D0A200BB83A0 /* DetailViewController.swift */,
				E97E78301D51D0A200BB83A0 /* Main.storyboard */,
				E97E78331D51D0A300BB83A0 /* Assets.xcassets */,
				E97E78351D51D0A300BB83A0 /* LaunchScreen.storyboard */,
				E97E78381D51D0A300BB83A0 /* Info.plist */,
			);
			path = MasterDetail;
			sourceTree = "<group>";
		};
/* End PBXGroup section */

/* Begin PBXNativeTarget section */
		E97E78261D51D0A200BB83A0 /* MasterDetail */ = {
			isa = PBXNativeTarget;
			buildConfigurationList = E97E783B1D51D0A300BB83A0 /* Build configuration list for PBXNativeTarget "MasterDetail" */;
			buildPhases = (
				E97E78231D51D0A200BB83A0 /* Sources */,
				E97E78241D51D0A200BB83A0 /* Frameworks */,
				E97E78251D51D0A200BB83A0 /* Resources */,
			);
			buildRules = (
			);
			dependencies = (
			);
			name = MasterDetail;
			productName = MasterDetail;
			productReference = E97E78271D51D0A200BB83A0 /* MasterDetail.app */;
			productType = "com.apple.product-type.application";
		};
/* End PBXNativeTarget section */

/* Begin PBXProject section */
		E97E781F1D51D0A200BB83A0 /* Project object */ = {
			isa = PBXProject;
			attributes = {
				LastSwiftUpdateCheck = 0730;
				LastUpgradeCheck = 0730;
				ORGANIZATIONNAME = anhnguyenviet;
				TargetAttributes = {
					E97E78261D51D0A200BB83A0 = {
						CreatedOnToolsVersion = 7.3.1;
					};
				};
			};
			buildConfigurationList = E97E78221D51D0A200BB83A0 /* Build configuration list for PBXProject "MasterDetail" */;
			compatibilityVersion = "Xcode 3.2";
			developmentRegion = English;
			hasScannedForEncodings = 0;
			knownRegions = (
				en,
				Base,
			);
			mainGroup = E97E781E1D51D0A200BB83A0;
			productRefGroup = E97E78281D51D0A200BB83A0 /* Products */;
			projectDirPath = "";
			projectRoot = "";
			targets = (
				E97E78261D51D0A200BB83A0 /* MasterDetail */,
			);
		};
/* End PBXProject section */

/* Begin PBXResourcesBuildPhase section */
		E97E78251D51D0A200BB83A0 /* Resources */ = {
			isa = PBXResourcesBuildPhase;
			buildActionMask = 2147483647;
			files = (
				E97E78371D51D0A300BB83A0 /* LaunchScreen.storyboard in Resources */,
				E97E78341D51D0A300BB83A0 /* Assets.xcassets in Resources */,
				E97E78321D51D0A200BB83A0 /* Main.storyboard in Resources */,
			);
			runOnlyForDeploymentPostprocessing = 0;
		};
/* End PBXResourcesBuildPhase section */

/* Begin PBXSourcesBuildPhase section */
		E97E78231D51D0A200BB83A0 /* Sources */ = {
			isa = PBXSourcesBuildPhase;
			buildActionMask = 2147483647;
			files = (
				E97E782F1D51D0A200BB83A0 /* DetailViewController.swift in Sources */,
				E97E782D1D51D0A200BB83A0 /* MasterViewController.swift in Sources */,
				E97E782B1D51D0A200BB83A0 /* AppDelegate.swift in Sources */,
			);
			runOnlyForDeploymentPostprocessing = 0;
		};
/* End PBXSourcesBuildPhase section */

/* Begin PBXVariantGroup section */
		E97E78301D51D0A200BB83A0 /* Main.storyboard */ = {
			isa = PBXVariantGroup;
			children = (
				E97E78311D51D0A200BB83A0 /* Base */,
			);
			name = Main.storyboard;
			sourceTree = "<group>";
		};
		E97E78351D51D0A300BB83A0 /* LaunchScreen.storyboard */ = {
			isa = PBXVariantGroup;
			children = (
				E97E78361D51D0A300BB83A0 /* Base */,
			);
			name = LaunchScreen.storyboard;
			sourceTree = "<group>";
		};
/* End PBXVariantGroup section */

/* Begin XCBuildConfiguration section */
		E97E78391D51D0A300BB83A0 /* Debug */ = {
			isa = XCBuildConfiguration;
			buildSettings = {
				ALWAYS_SEARCH_USER_PATHS = NO;
				CLANG_ANALYZER_NONNULL = YES;
				CLANG_CXX_LANGUAGE_STANDARD = "gnu++0x";
				CLANG_CXX_LIBRARY = "libc++";
				CLANG_ENABLE_MODULES = YES;
				CLANG_ENABLE_OBJC_ARC = YES;
				CLANG_WARN_BOOL_CONVERSION = YES;
				CLANG_WARN_CONSTANT_CONVERSION = YES;
				CLANG_WARN_DIRECT_OBJC_ISA_USAGE = YES_ERROR;
				CLANG_WARN_EMPTY_BODY = YES;
				CLANG_WARN_ENUM_CONVERSION = YES;
				CLANG_WARN_INT_CONVERSION = YES;
				CLANG_WARN_OBJC_ROOT_CLASS = YES_ERROR;
				CLANG_WARN_UNREACHABLE_CODE = YES;
				CLANG_WARN__DUPLICATE_METHOD_MATCH = YES;
				"CODE_SIGN_IDENTITY[sdk=iphoneos*]" = "iPhone Developer";
				COPY_PHASE_STRIP = NO;
				DEBUG_INFORMATION_FORMAT = dwarf;
				ENABLE_STRICT_OBJC_MSGSEND = YES;
				ENABLE_TESTABILITY = YES;
				GCC_C_LANGUAGE_STANDARD = gnu99;
				GCC_DYNAMIC_NO_PIC = NO;
				GCC_NO_COMMON_BLOCKS = YES;
				GCC_OPTIMIZATION_LEVEL = 0;
				GCC_PREPROCESSOR_DEFINITIONS = (
					"DEBUG=1",
					"$(inherited)",
				);
				GCC_WARN_64_TO_32_BIT_CONVERSION = YES;
				GCC_WARN_ABOUT_RETURN_TYPE = YES_ERROR;
				GCC_WARN_UNDECLARED_SELECTOR = YES;
				GCC_WARN_UNINITIALIZED_AUTOS = YES_AGGRESSIVE;
				GCC_WARN_UNUSED_FUNCTION = YES;
				GCC_WARN_UNUSED_VARIABLE = YES;
				IPHONEOS_DEPLOYMENT_TARGET = 9.3;
				MTL_ENABLE_DEBUG_INFO = YES;
				ONLY_ACTIVE_ARCH = YES;
				SDKROOT = iphoneos;
				SWIFT_OPTIMIZATION_LEVEL = "-Onone";
			};
			name = Debug;
		};
		E97E783A1D51D0A300BB83A0 /* Release */ = {
			isa = XCBuildConfiguration;
			buildSettings = {
				ALWAYS_SEARCH_USER_PATHS = NO;
				CLANG_ANALYZER_NONNULL = YES;
				CLANG_CXX_LANGUAGE_STANDARD = "gnu++0x";
				CLANG_CXX_LIBRARY = "libc++";
				CLANG_ENABLE_MODULES = YES;
				CLANG_ENABLE_OBJC_ARC = YES;
				CLANG_WARN_BOOL_CONVERSION = YES;
				CLANG_WARN_CONSTANT_CONVERSION = YES;
				CLANG_WARN_DIRECT_OBJC_ISA_USAGE = YES_ERROR;
				CLANG_WARN_EMPTY_BODY = YES;
				CLANG_WARN_ENUM_CONVERSION = YES;
				CLANG_WARN_INT_CONVERSION = YES;
				CLANG_WARN_OBJC_ROOT_CLASS = YES_ERROR;
				CLANG_WARN_UNREACHABLE_CODE = YES;
				CLANG_WARN__DUPLICATE_METHOD_MATCH = YES;
				"CODE_SIGN_IDENTITY[sdk=iphoneos*]" = "iPhone Developer";
				COPY_PHASE_STRIP = NO;
				DEBUG_INFORMATION_FORMAT = "dwarf-with-dsym";
				ENABLE_NS_ASSERTIONS = NO;
				ENABLE_STRICT_OBJC_MSGSEND = YES;
				GCC_C_LANGUAGE_STANDARD = gnu99;
				GCC_NO_COMMON_BLOCKS = YES;
				GCC_WARN_64_TO_32_BIT_CONVERSION = YES;
				GCC_WARN_ABOUT_RETURN_TYPE = YES_ERROR;
				GCC_WARN_UNDECLARED_SELECTOR = YES;
				GCC_WARN_UNINITIALIZED_AUTOS = YES_AGGRESSIVE;
				GCC_WARN_UNUSED_FUNCTION = YES;
				GCC_WARN_UNUSED_VARIABLE = YES;
				IPHONEOS_DEPLOYMENT_TARGET = 9.3;
				MTL_ENABLE_DEBUG_INFO = NO;
				SDKROOT = iphoneos;
				VALIDATE_PRODUCT = YES;
			};
			name = Release;
		};
		E97E783C1D51D0A300BB83A0 /* Debug */ = {
			isa = XCBuildConfiguration;
			buildSettings = {
				ASSETCATALOG_COMPILER_APPICON_NAME = AppIcon;
				INFOPLIST_FILE = MasterDetail/Info.plist;
				LD_RUNPATH_SEARCH_PATHS = "$(inherited) @executable_path/Frameworks";
				PRODUCT_BUNDLE_IDENTIFIER = com.nvt.MasterDetail;
				PRODUCT_NAME = "$(TARGET_NAME)";
			};
			name = Debug;
		};
		E97E783D1D51D0A300BB83A0 /* Release */ = {
			isa = XCBuildConfiguration;
			buildSettings = {
				ASSETCATALOG_COMPILER_APPICON_NAME = AppIcon;
				INFOPLIST_FILE = MasterDetail/Info.plist;
				LD_RUNPATH_SEARCH_PATHS = "$(inherited) @executable_path/Frameworks";
				PRODUCT_BUNDLE_IDENTIFIER = com.nvt.MasterDetail;
				PRODUCT_NAME = "$(TARGET_NAME)";
			};
			name = Release;
		};
/* End XCBuildConfiguration section */

/* Begin XCConfigurationList section */
		E97E78221D51D0A200BB83A0 /* Build configuration list for PBXProject "MasterDetail" */ = {
			isa = XCConfigurationList;
			buildConfigurations = (
				E97E78391D51D0A300BB83A0 /* Debug */,
				E97E783A1D51D0A300BB83A0 /* Release */,
			);
			defaultConfigurationIsVisible = 0;
			defaultConfigurationName = Release;
		};
		E97E783B1D51D0A300BB83A0 /* Build configuration list for PBXNativeTarget "MasterDetail" */ = {
			isa = XCConfigurationList;
			buildConfigurations = (
				E97E783C1D51D0A300BB83A0 /* Debug */,
				E97E783D1D51D0A300BB83A0 /* Release */,
			);
			defaultConfigurationIsVisible = 0;
		};
/* End XCConfigurationList section */
	};
	rootObject = E97E781F1D51D0A200BB83A0 /* Project object */;
}
